
Microsoft Visual Studio Solution File, Format Version 12.00
# Visual Studio Version 17
VisualStudioVersion = 17.8.34309.116
MinimumVisualStudioVersion = 10.0.40219.1
Project("{9A19103F-16F7-4668-BE54-9A1E7A4F7556}") = "ProjectMiniShop", "ProjectMiniShop\ProjectMiniShop.csproj", "{865DD045-3917-4886-9967-FDF168112238}"
EndProject
Global
	GlobalSection(SolutionConfigurationPlatforms) = preSolution
		Debug|Any CPU = Debug|Any CPU
		Release|Any CPU = Release|Any CPU
	EndGlobalSection
	GlobalSection(ProjectConfigurationPlatforms) = postSolution
		{865DD045-3917-4886-9967-FDF168112238}.Debug|Any CPU.ActiveCfg = Debug|Any CPU
		{865DD045-3917-4886-9967-FDF168112238}.Debug|Any CPU.Build.0 = Debug|Any CPU
		{865DD045-3917-4886-9967-FDF168112238}.Release|Any CPU.ActiveCfg = Release|Any CPU
		{865DD045-3917-4886-9967-FDF168112238}.Release|Any CPU.Build.0 = Release|Any CPU
	EndGlobalSection
	GlobalSection(SolutionProperties) = preSolution
		HideSolutionNode = FALSE
	EndGlobalSection
	GlobalSection(ExtensibilityGlobals) = postSolution
		SolutionGuid = {D4F6790C-5FF8-489D-A88E-DFCD1F4B5693}
	EndGlobalSection
EndGlobal
